
Microsoft Visual Studio Solution File, Format Version 12.00
# Visual Studio Version 17
VisualStudioVersion = 17.9.34728.123
MinimumVisualStudioVersion = 10.0.40219.1
Project("{9A19103F-16F7-4668-BE54-9A1E7A4F7556}") = "TournamentAPI.Api", "TournamentAPI.Api\TournamentAPI.Api.csproj", "{5C769918-6115-4371-92CE-7D41FCCB39EE}"
EndProject
Project("{9A19103F-16F7-4668-BE54-9A1E7A4F7556}") = "TournamentAPI.Core", "TournamentAPI.Core\TournamentAPI.Core.csproj", "{EFCEC861-1677-4B31-92AC-B8065C6F3635}"
EndProject
Project("{9A19103F-16F7-4668-BE54-9A1E7A4F7556}") = "TournamentAPI.Data", "TournamentAPI.Data\TournamentAPI.Data.csproj", "{AA752404-C6AD-431E-A9FA-9F766AC411E3}"
EndProject
Global
	GlobalSection(SolutionConfigurationPlatforms) = preSolution
		Debug|Any CPU = Debug|Any CPU
		Release|Any CPU = Release|Any CPU
	EndGlobalSection
	GlobalSection(ProjectConfigurationPlatforms) = postSolution
		{5C769918-6115-4371-92CE-7D41FCCB39EE}.Debug|Any CPU.ActiveCfg = Debug|Any CPU
		{5C769918-6115-4371-92CE-7D41FCCB39EE}.Debug|Any CPU.Build.0 = Debug|Any CPU
		{5C769918-6115-4371-92CE-7D41FCCB39EE}.Release|Any CPU.ActiveCfg = Release|Any CPU
		{5C769918-6115-4371-92CE-7D41FCCB39EE}.Release|Any CPU.Build.0 = Release|Any CPU
		{EFCEC861-1677-4B31-92AC-B8065C6F3635}.Debug|Any CPU.ActiveCfg = Debug|Any CPU
		{EFCEC861-1677-4B31-92AC-B8065C6F3635}.Debug|Any CPU.Build.0 = Debug|Any CPU
		{EFCEC861-1677-4B31-92AC-B8065C6F3635}.Release|Any CPU.ActiveCfg = Release|Any CPU
		{EFCEC861-1677-4B31-92AC-B8065C6F3635}.Release|Any CPU.Build.0 = Release|Any CPU
		{AA752404-C6AD-431E-A9FA-9F766AC411E3}.Debug|Any CPU.ActiveCfg = Debug|Any CPU
		{AA752404-C6AD-431E-A9FA-9F766AC411E3}.Debug|Any CPU.Build.0 = Debug|Any CPU
		{AA752404-C6AD-431E-A9FA-9F766AC411E3}.Release|Any CPU.ActiveCfg = Release|Any CPU
		{AA752404-C6AD-431E-A9FA-9F766AC411E3}.Release|Any CPU.Build.0 = Release|Any CPU
	EndGlobalSection
	GlobalSection(SolutionProperties) = preSolution
		HideSolutionNode = FALSE
	EndGlobalSection
	GlobalSection(ExtensibilityGlobals) = postSolution
		SolutionGuid = {E743918D-AE16-4A48-B7B7-3CB1FC22F990}
	EndGlobalSection
EndGlobal
